lockfileVersion: '6.0'

settings:
  autoInstallPeers: true
  excludeLinksFromLockfile: false

devDependencies:
  '@rollup/plugin-node-resolve':
    specifier: ^15.2.1
    version: registry.npmjs.org/@rollup/plugin-node-resolve@15.2.1(rollup@3.29.2)
  rollup:
    specifier: ^3.29.2
    version: registry.npmjs.org/rollup@3.29.2
  rollup-plugin-serve:
    specifier: ^2.0.2
    version: registry.npmjs.org/rollup-plugin-serve@2.0.2
  rollup-plugin-typescript2:
    specifier: ^0.35.0
    version: registry.npmjs.org/rollup-plugin-typescript2@0.35.0(rollup@3.29.2)(typescript@5.2.2)

packages:

  registry.npmjs.org/@rollup/plugin-node-resolve@15.2.1(rollup@3.29.2):
    resolution: {integrity: sha512-nsbUg588+GDSu8/NS8T4UAshO6xeaOfINNuXeVHcKV02LJtoRaM1SiOacClw4kws1SFiNhdLGxlbMY9ga/zs/w==, registry: https://registry.npmjs.com/, tarball: https://registry.npmjs.org/@rollup/plugin-node-resolve/-/plugin-node-resolve-15.2.1.tgz}
    id: registry.npmjs.org/@rollup/plugin-node-resolve/15.2.1
    name: '@rollup/plugin-node-resolve'
    version: 15.2.1
    engines: {node: '>=14.0.0'}
    peerDependencies:
      rollup: ^2.78.0||^3.0.0
    peerDependenciesMeta:
      rollup:
        optional: true
    dependencies:
      '@rollup/pluginutils': registry.npmjs.org/@rollup/pluginutils@5.0.4(rollup@3.29.2)
      '@types/resolve': registry.npmjs.org/@types/resolve@1.20.2
      deepmerge: registry.npmjs.org/deepmerge@4.3.1
      is-builtin-module: registry.npmjs.org/is-builtin-module@3.2.1
      is-module: registry.npmjs.org/is-module@1.0.0
      resolve: registry.npmjs.org/resolve@1.22.6
      rollup: registry.npmjs.org/rollup@3.29.2
    dev: true

  registry.npmjs.org/@rollup/pluginutils@4.2.1:
    resolution: {integrity: sha512-iKnFXr7NkdZAIHiIWE+BX5ULi/ucVFYWD6TbAV+rZctiRTY2PL6tsIKhoIOaoskiWAkgu+VsbXgUVDNLHf+InQ==, registry: https://registry.npmjs.com/, tarball: https://registry.npmjs.org/@rollup/pluginutils/-/pluginutils-4.2.1.tgz}
    name: '@rollup/pluginutils'
    version: 4.2.1
    engines: {node: '>= 8.0.0'}
    dependencies:
      estree-walker: registry.npmjs.org/estree-walker@2.0.2
      picomatch: registry.npmjs.org/picomatch@2.3.1
    dev: true

  registry.npmjs.org/@rollup/pluginutils@5.0.4(rollup@3.29.2):
    resolution: {integrity: sha512-0KJnIoRI8A+a1dqOYLxH8vBf8bphDmty5QvIm2hqm7oFCFYKCAZWWd2hXgMibaPsNDhI0AtpYfQZJG47pt/k4g==, registry: https://registry.npmjs.com/, tarball: https://registry.npmjs.org/@rollup/pluginutils/-/pluginutils-5.0.4.tgz}
    id: registry.npmjs.org/@rollup/pluginutils/5.0.4
    name: '@rollup/pluginutils'
    version: 5.0.4
    engines: {node: '>=14.0.0'}
    peerDependencies:
      rollup: ^1.20.0||^2.0.0||^3.0.0
    peerDependenciesMeta:
      rollup:
        optional: true
    dependencies:
      '@types/estree': registry.npmjs.org/@types/estree@1.0.1
      estree-walker: registry.npmjs.org/estree-walker@2.0.2
      picomatch: registry.npmjs.org/picomatch@2.3.1
      rollup: registry.npmjs.org/rollup@3.29.2
    dev: true

  registry.npmjs.org/@types/estree@1.0.1:
    resolution: {integrity: sha512-LG4opVs2ANWZ1TJoKc937iMmNstM/d0ae1vNbnBvBhqCSezgVUOzcLCqbI5elV8Vy6WKwKjaqR+zO9VKirBBCA==, registry: https://registry.npmjs.com/, tarball: https://registry.npmjs.org/@types/estree/-/estree-1.0.1.tgz}
    name: '@types/estree'
    version: 1.0.1
    dev: true

  registry.npmjs.org/@types/resolve@1.20.2:
    resolution: {integrity: sha512-60BCwRFOZCQhDncwQdxxeOEEkbc5dIMccYLwbxsS4TUNeVECQ/pBJ0j09mrHOl/JJvpRPGwO9SvE4nR2Nb/a4Q==, registry: https://registry.npmjs.com/, tarball: https://registry.npmjs.org/@types/resolve/-/resolve-1.20.2.tgz}
    name: '@types/resolve'
    version: 1.20.2
    dev: true

  registry.npmjs.org/builtin-modules@3.3.0:
    resolution: {integrity: sha512-zhaCDicdLuWN5UbN5IMnFqNMhNfo919sH85y2/ea+5Yg9TsTkeZxpL+JLbp6cgYFS4sRLp3YV4S6yDuqVWHYOw==, registry: https://registry.npmjs.com/, tarball: https://registry.npmjs.org/builtin-modules/-/builtin-modules-3.3.0.tgz}
    name: builtin-modules
    version: 3.3.0
    engines: {node: '>=6'}
    dev: true

  registry.npmjs.org/commondir@1.0.1:
    resolution: {integrity: sha512-W9pAhw0ja1Edb5GVdIF1mjZw/ASI0AlShXM83UUGe2DVr5TdAPEA1OA8m/g8zWp9x6On7gqufY+FatDbC3MDQg==, registry: https://registry.npmjs.com/, tarball: https://registry.npmjs.org/commondir/-/commondir-1.0.1.tgz}
    name: commondir
    version: 1.0.1
    dev: true

  registry.npmjs.org/deepmerge@4.3.1:
    resolution: {integrity: sha512-3sUqbMEc77XqpdNO7FRyRog+eW3ph+GYCbj+rK+uYyRMuwsVy0rMiVtPn+QJlKFvWP/1PYpapqYn0Me2knFn+A==, registry: https://registry.npmjs.com/, tarball: https://registry.npmjs.org/deepmerge/-/deepmerge-4.3.1.tgz}
    name: deepmerge
    version: 4.3.1
    engines: {node: '>=0.10.0'}
    dev: true

  registry.npmjs.org/estree-walker@2.0.2:
    resolution: {integrity: sha512-Rfkk/Mp/DL7JVje3u18FxFujQlTNR2q6QfMSMB7AvCBx91NGj/ba3kCfza0f6dVDbw7YlRf/nDrn7pQrCCyQ/w==, registry: https://registry.npmjs.com/, tarball: https://registry.npmjs.org/estree-walker/-/estree-walker-2.0.2.tgz}
    name: estree-walker
    version: 2.0.2
    dev: true

  registry.npmjs.org/find-cache-dir@3.3.2:
    resolution: {integrity: sha512-wXZV5emFEjrridIgED11OoUKLxiYjAcqot/NJdAkOhlJ+vGzwhOAfcG5OX1jP+S0PcjEn8bdMJv+g2jwQ3Onig==, registry: https://registry.npmjs.com/, tarball: https://registry.npmjs.org/find-cache-dir/-/find-cache-dir-3.3.2.tgz}
    name: find-cache-dir
    version: 3.3.2
    engines: {node: '>=8'}
    dependencies:
      commondir: registry.npmjs.org/commondir@1.0.1
      make-dir: registry.npmjs.org/make-dir@3.1.0
      pkg-dir: registry.npmjs.org/pkg-dir@4.2.0
    dev: true

  registry.npmjs.org/find-up@4.1.0:
    resolution: {integrity: sha512-PpOwAdQ/YlXQ2vj8a3h8IipDuYRi3wceVQQGYWxNINccq40Anw7BlsEXCMbt1Zt+OLA6Fq9suIpIWD0OsnISlw==, registry: https://registry.npmjs.com/, tarball: https://registry.npmjs.org/find-up/-/find-up-4.1.0.tgz}
    name: find-up
    version: 4.1.0
    engines: {node: '>=8'}
    dependencies:
      locate-path: registry.npmjs.org/locate-path@5.0.0
      path-exists: registry.npmjs.org/path-exists@4.0.0
    dev: true

  registry.npmjs.org/fs-extra@10.1.0:
    resolution: {integrity: sha512-oRXApq54ETRj4eMiFzGnHWGy+zo5raudjuxN0b8H7s/RU2oW0Wvsx9O0ACRN/kRq9E8Vu/ReskGB5o3ji+FzHQ==, registry: https://registry.npmjs.com/, tarball: https://registry.npmjs.org/fs-extra/-/fs-extra-10.1.0.tgz}
    name: fs-extra
    version: 10.1.0
    engines: {node: '>=12'}
    dependencies:
      graceful-fs: registry.npmjs.org/graceful-fs@4.2.11
      jsonfile: registry.npmjs.org/jsonfile@6.1.0
      universalify: registry.npmjs.org/universalify@2.0.0
    dev: true

  registry.npmjs.org/fsevents@2.3.3:
    resolution: {integrity: sha512-5xoDfX+fL7faATnagmWPpbFtwh/R77WmMMqqHGS65C3vvB0YHrgF+B1YmZ3441tMj5n63k0212XNoJwzlhffQw==, registry: https://registry.npmjs.com/, tarball: https://registry.npmjs.org/fsevents/-/fsevents-2.3.3.tgz}
    name: fsevents
    version: 2.3.3
    engines: {node: ^8.16.0 || ^10.6.0 || >=11.0.0}
    os: [darwin]
    requiresBuild: true
    dev: true
    optional: true

  registry.npmjs.org/function-bind@1.1.1:
    resolution: {integrity: sha512-yIovAzMX49sF8Yl58fSCWJ5svSLuaibPxXQJFLmBObTuCr0Mf1KiPopGM9NiFjiYBCbfaa2Fh6breQ6ANVTI0A==, registry: https://registry.npmjs.com/, tarball: https://registry.npmjs.org/function-bind/-/function-bind-1.1.1.tgz}
    name: function-bind
    version: 1.1.1
    dev: true

  registry.npmjs.org/graceful-fs@4.2.11:
    resolution: {integrity: sha512-RbJ5/jmFcNNCcDV5o9eTnBLJ/HszWV0P73bc+Ff4nS/rJj+YaS6IGyiOL0VoBYX+l1Wrl3k63h/KrH+nhJ0XvQ==, registry: https://registry.npmjs.com/, tarball: https://registry.npmjs.org/graceful-fs/-/graceful-fs-4.2.11.tgz}
    name: graceful-fs
    version: 4.2.11
    dev: true

  registry.npmjs.org/has@1.0.3:
    resolution: {integrity: sha512-f2dvO0VU6Oej7RkWJGrehjbzMAjFp5/VKPp5tTpWIV4JHHZK1/BxbFRtf/siA2SWTe09caDmVtYYzWEIbBS4zw==, registry: https://registry.npmjs.com/, tarball: https://registry.npmjs.org/has/-/has-1.0.3.tgz}
    name: has
    version: 1.0.3
    engines: {node: '>= 0.4.0'}
    dependencies:
      function-bind: registry.npmjs.org/function-bind@1.1.1
    dev: true

  registry.npmjs.org/is-builtin-module@3.2.1:
    resolution: {integrity: sha512-BSLE3HnV2syZ0FK0iMA/yUGplUeMmNz4AW5fnTunbCIqZi4vG3WjJT9FHMy5D69xmAYBHXQhJdALdpwVxV501A==, registry: https://registry.npmjs.com/, tarball: https://registry.npmjs.org/is-builtin-module/-/is-builtin-module-3.2.1.tgz}
    name: is-builtin-module
    version: 3.2.1
    engines: {node: '>=6'}
    dependencies:
      builtin-modules: registry.npmjs.org/builtin-modules@3.3.0
    dev: true

  registry.npmjs.org/is-core-module@2.13.0:
    resolution: {integrity: sha512-Z7dk6Qo8pOCp3l4tsX2C5ZVas4V+UxwQodwZhLopL91TX8UyyHEXafPcyoeeWuLrwzHcr3igO78wNLwHJHsMCQ==, registry: https://registry.npmjs.com/, tarball: https://registry.npmjs.org/is-core-module/-/is-core-module-2.13.0.tgz}
    name: is-core-module
    version: 2.13.0
    dependencies:
      has: registry.npmjs.org/has@1.0.3
    dev: true

  registry.npmjs.org/is-module@1.0.0:
    resolution: {integrity: sha512-51ypPSPCoTEIN9dy5Oy+h4pShgJmPCygKfyRCISBI+JoWT/2oJvK8QPxmwv7b/p239jXrm9M1mlQbyKJ5A152g==, registry: https://registry.npmjs.com/, tarball: https://registry.npmjs.org/is-module/-/is-module-1.0.0.tgz}
    name: is-module
    version: 1.0.0
    dev: true

  registry.npmjs.org/jsonfile@6.1.0:
    resolution: {integrity: sha512-5dgndWOriYSm5cnYaJNhalLNDKOqFwyDB/rr1E9ZsGciGvKPs8R2xYGCacuf3z6K1YKDz182fd+fY3cn3pMqXQ==, registry: https://registry.npmjs.com/, tarball: https://registry.npmjs.org/jsonfile/-/jsonfile-6.1.0.tgz}
    name: jsonfile
    version: 6.1.0
    dependencies:
      universalify: registry.npmjs.org/universalify@2.0.0
    optionalDependencies:
      graceful-fs: registry.npmjs.org/graceful-fs@4.2.11
    dev: true

  registry.npmjs.org/locate-path@5.0.0:
    resolution: {integrity: sha512-t7hw9pI+WvuwNJXwk5zVHpyhIqzg2qTlklJOf0mVxGSbe3Fp2VieZcduNYjaLDoy6p9uGpQEGWG87WpMKlNq8g==, registry: https://registry.npmjs.com/, tarball: https://registry.npmjs.org/locate-path/-/locate-path-5.0.0.tgz}
    name: locate-path
    version: 5.0.0
    engines: {node: '>=8'}
    dependencies:
      p-locate: registry.npmjs.org/p-locate@4.1.0
    dev: true

  registry.npmjs.org/lru-cache@6.0.0:
    resolution: {integrity: sha512-Jo6dJ04CmSjuznwJSS3pUeWmd/H0ffTlkXXgwZi+eq1UCmqQwCh+eLsYOYCwY991i2Fah4h1BEMCx4qThGbsiA==, registry: https://registry.npmjs.com/, tarball: https://registry.npmjs.org/lru-cache/-/lru-cache-6.0.0.tgz}
    name: lru-cache
    version: 6.0.0
    engines: {node: '>=10'}
    dependencies:
      yallist: registry.npmjs.org/yallist@4.0.0
    dev: true

  registry.npmjs.org/make-dir@3.1.0:
    resolution: {integrity: sha512-g3FeP20LNwhALb/6Cz6Dd4F2ngze0jz7tbzrD2wAV+o9FeNHe4rL+yK2md0J/fiSf1sa1ADhXqi5+oVwOM/eGw==, registry: https://registry.npmjs.com/, tarball: https://registry.npmjs.org/make-dir/-/make-dir-3.1.0.tgz}
    name: make-dir
    version: 3.1.0
    engines: {node: '>=8'}
    dependencies:
      semver: registry.npmjs.org/semver@6.3.1
    dev: true

  registry.npmjs.org/mime@3.0.0:
    resolution: {integrity: sha512-jSCU7/VB1loIWBZe14aEYHU/+1UMEHoaO7qxCOVJOw9GgH72VAWppxNcjU+x9a2k3GSIBXNKxXQFqRvvZ7vr3A==, registry: https://registry.npmjs.com/, tarball: https://registry.npmjs.org/mime/-/mime-3.0.0.tgz}
    name: mime
    version: 3.0.0
    engines: {node: '>=10.0.0'}
    hasBin: true
    dev: true

  registry.npmjs.org/opener@1.5.2:
    resolution: {integrity: sha512-ur5UIdyw5Y7yEj9wLzhqXiy6GZ3Mwx0yGI+5sMn2r0N0v3cKJvUmFH5yPP+WXh9e0xfyzyJX95D8l088DNFj7A==, registry: https://registry.npmjs.com/, tarball: https://registry.npmjs.org/opener/-/opener-1.5.2.tgz}
    name: opener
    version: 1.5.2
    hasBin: true
    dev: true

  registry.npmjs.org/p-limit@2.3.0:
    resolution: {integrity: sha512-//88mFWSJx8lxCzwdAABTJL2MyWB12+eIY7MDL2SqLmAkeKU9qxRvWuSyTjm3FUmpBEMuFfckAIqEaVGUDxb6w==, registry: https://registry.npmjs.com/, tarball: https://registry.npmjs.org/p-limit/-/p-limit-2.3.0.tgz}
    name: p-limit
    version: 2.3.0
    engines: {node: '>=6'}
    dependencies:
      p-try: registry.npmjs.org/p-try@2.2.0
    dev: true

  registry.npmjs.org/p-locate@4.1.0:
    resolution: {integrity: sha512-R79ZZ/0wAxKGu3oYMlz8jy/kbhsNrS7SKZ7PxEHBgJ5+F2mtFW2fK2cOtBh1cHYkQsbzFV7I+EoRKe6Yt0oK7A==, registry: https://registry.npmjs.com/, tarball: https://registry.npmjs.org/p-locate/-/p-locate-4.1.0.tgz}
    name: p-locate
    version: 4.1.0
    engines: {node: '>=8'}
    dependencies:
      p-limit: registry.npmjs.org/p-limit@2.3.0
    dev: true

  registry.npmjs.org/p-try@2.2.0:
    resolution: {integrity: sha512-R4nPAVTAU0B9D35/Gk3uJf/7XYbQcyohSKdvAxIRSNghFl4e71hVoGnBNQz9cWaXxO2I10KTC+3jMdvvoKw6dQ==, registry: https://registry.npmjs.com/, tarball: https://registry.npmjs.org/p-try/-/p-try-2.2.0.tgz}
    name: p-try
    version: 2.2.0
    engines: {node: '>=6'}
    dev: true

  registry.npmjs.org/path-exists@4.0.0:
    resolution: {integrity: sha512-ak9Qy5Q7jYb2Wwcey5Fpvg2KoAc/ZIhLSLOSBmRmygPsGwkVVt0fZa0qrtMz+m6tJTAHfZQ8FnmB4MG4LWy7/w==, registry: https://registry.npmjs.com/, tarball: https://registry.npmjs.org/path-exists/-/path-exists-4.0.0.tgz}
    name: path-exists
    version: 4.0.0
    engines: {node: '>=8'}
    dev: true

  registry.npmjs.org/path-parse@1.0.7:
    resolution: {integrity: sha512-LDJzPVEEEPR+y48z93A0Ed0yXb8pAByGWo/k5YYdYgpY2/2EsOsksJrq7lOHxryrVOn1ejG6oAp8ahvOIQD8sw==, registry: https://registry.npmjs.com/, tarball: https://registry.npmjs.org/path-parse/-/path-parse-1.0.7.tgz}
    name: path-parse
    version: 1.0.7
    dev: true

  registry.npmjs.org/picomatch@2.3.1:
    resolution: {integrity: sha512-JU3teHTNjmE2VCGFzuY8EXzCDVwEqB2a8fsIvwaStHhAWJEeVd1o1QD80CU6+ZdEXXSLbSsuLwJjkCBWqRQUVA==, registry: https://registry.npmjs.com/, tarball: https://registry.npmjs.org/picomatch/-/picomatch-2.3.1.tgz}
    name: picomatch
    version: 2.3.1
    engines: {node: '>=8.6'}
    dev: true

  registry.npmjs.org/pkg-dir@4.2.0:
    resolution: {integrity: sha512-HRDzbaKjC+AOWVXxAU/x54COGeIv9eb+6CkDSQoNTt4XyWoIJvuPsXizxu/Fr23EiekbtZwmh1IcIG/l/a10GQ==, registry: https://registry.npmjs.com/, tarball: https://registry.npmjs.org/pkg-dir/-/pkg-dir-4.2.0.tgz}
    name: pkg-dir
    version: 4.2.0
    engines: {node: '>=8'}
    dependencies:
      find-up: registry.npmjs.org/find-up@4.1.0
    dev: true

  registry.npmjs.org/resolve@1.22.6:
    resolution: {integrity: sha512-njhxM7mV12JfufShqGy3Rz8j11RPdLy4xi15UurGJeoHLfJpVXKdh3ueuOqbYUcDZnffr6X739JBo5LzyahEsw==, registry: https://registry.npmjs.com/, tarball: https://registry.npmjs.org/resolve/-/resolve-1.22.6.tgz}
    name: resolve
    version: 1.22.6
    hasBin: true
    dependencies:
      is-core-module: registry.npmjs.org/is-core-module@2.13.0
      path-parse: registry.npmjs.org/path-parse@1.0.7
      supports-preserve-symlinks-flag: registry.npmjs.org/supports-preserve-symlinks-flag@1.0.0
    dev: true

  registry.npmjs.org/rollup-plugin-serve@2.0.2:
    resolution: {integrity: sha512-ALqyTbPhlf7FZ5RzlbDvMYvbKuCHWginJkTo6dMsbgji/a78IbsXox+pC83HENdkTRz8OXrTj+aShp3+3ratpg==, registry: https://registry.npmjs.com/, tarball: https://registry.npmjs.org/rollup-plugin-serve/-/rollup-plugin-serve-2.0.2.tgz}
    name: rollup-plugin-serve
    version: 2.0.2
    dependencies:
      mime: registry.npmjs.org/mime@3.0.0
      opener: registry.npmjs.org/opener@1.5.2
    dev: true

  registry.npmjs.org/rollup-plugin-typescript2@0.35.0(rollup@3.29.2)(typescript@5.2.2):
    resolution: {integrity: sha512-szcIO9hPUx3PhQl91u4pfNAH2EKbtrXaES+m163xQVE5O1CC0ea6YZV/5woiDDW3CR9jF2CszPrKN+AFiND0bg==, registry: https://registry.npmjs.com/, tarball: https://registry.npmjs.org/rollup-plugin-typescript2/-/rollup-plugin-typescript2-0.35.0.tgz}
    id: registry.npmjs.org/rollup-plugin-typescript2/0.35.0
    name: rollup-plugin-typescript2
    version: 0.35.0
    peerDependencies:
      rollup: '>=1.26.3'
      typescript: '>=2.4.0'
    dependencies:
      '@rollup/pluginutils': registry.npmjs.org/@rollup/pluginutils@4.2.1
      find-cache-dir: registry.npmjs.org/find-cache-dir@3.3.2
      fs-extra: registry.npmjs.org/fs-extra@10.1.0
      rollup: registry.npmjs.org/rollup@3.29.2
      semver: registry.npmjs.org/semver@7.5.4
      tslib: registry.npmjs.org/tslib@2.6.2
      typescript: registry.npmjs.org/typescript@5.2.2
    dev: true

  registry.npmjs.org/rollup@3.29.2:
    resolution: {integrity: sha512-CJouHoZ27v6siztc21eEQGo0kIcE5D1gVPA571ez0mMYb25LGYGKnVNXpEj5MGlepmDWGXNjDB5q7uNiPHC11A==, registry: https://registry.npmjs.com/, tarball: https://registry.npmjs.org/rollup/-/rollup-3.29.2.tgz}
    name: rollup
    version: 3.29.2
    engines: {node: '>=14.18.0', npm: '>=8.0.0'}
    hasBin: true
    optionalDependencies:
      fsevents: registry.npmjs.org/fsevents@2.3.3
    dev: true

  registry.npmjs.org/semver@6.3.1:
    resolution: {integrity: sha512-BR7VvDCVHO+q2xBEWskxS6DJE1qRnb7DxzUrogb71CWoSficBxYsiAGd+Kl0mmq/MprG9yArRkyrQxTO6XjMzA==, registry: https://registry.npmjs.com/, tarball: https://registry.npmjs.org/semver/-/semver-6.3.1.tgz}
    name: semver
    version: 6.3.1
    hasBin: true
    dev: true

  registry.npmjs.org/semver@7.5.4:
    resolution: {integrity: sha512-1bCSESV6Pv+i21Hvpxp3Dx+pSD8lIPt8uVjRrxAUt/nbswYc+tK6Y2btiULjd4+fnq15PX+nqQDC7Oft7WkwcA==, registry: https://registry.npmjs.com/, tarball: https://registry.npmjs.org/semver/-/semver-7.5.4.tgz}
    name: semver
    version: 7.5.4
    engines: {node: '>=10'}
    hasBin: true
    dependencies:
      lru-cache: registry.npmjs.org/lru-cache@6.0.0
    dev: true

  registry.npmjs.org/supports-preserve-symlinks-flag@1.0.0:
    resolution: {integrity: sha512-ot0WnXS9fgdkgIcePe6RHNk1WA8+muPa6cSjeR3V8K27q9BB1rTE3R1p7Hv0z1ZyAc8s6Vvv8DIyWf681MAt0w==, registry: https://registry.npmjs.com/, tarball: https://registry.npmjs.org/supports-preserve-symlinks-flag/-/supports-preserve-symlinks-flag-1.0.0.tgz}
    name: supports-preserve-symlinks-flag
    version: 1.0.0
    engines: {node: '>= 0.4'}
    dev: true

  registry.npmjs.org/tslib@2.6.2:
    resolution: {integrity: sha512-AEYxH93jGFPn/a2iVAwW87VuUIkR1FVUKB77NwMF7nBTDkDrrT/Hpt/IrCJ0QXhW27jTBDcf5ZY7w6RiqTMw2Q==, registry: https://registry.npmjs.com/, tarball: https://registry.npmjs.org/tslib/-/tslib-2.6.2.tgz}
    name: tslib
    version: 2.6.2
    dev: true

  registry.npmjs.org/typescript@5.2.2:
    resolution: {integrity: sha512-mI4WrpHsbCIcwT9cF4FZvr80QUeKvsUsUvKDoR+X/7XHQH98xYD8YHZg7ANtz2GtZt/CBq2QJ0thkGJMHfqc1w==, registry: https://registry.npmjs.com/, tarball: https://registry.npmjs.org/typescript/-/typescript-5.2.2.tgz}
    name: typescript
    version: 5.2.2
    engines: {node: '>=14.17'}
    hasBin: true
    dev: true

  registry.npmjs.org/universalify@2.0.0:
    resolution: {integrity: sha512-hAZsKq7Yy11Zu1DE0OzWjw7nnLZmJZYTDZZyEFHZdUhV8FkH5MCfoU1XMaxXovpyW5nq5scPqq0ZDP9Zyl04oQ==, registry: https://registry.npmjs.com/, tarball: https://registry.npmjs.org/universalify/-/universalify-2.0.0.tgz}
    name: universalify
    version: 2.0.0
    engines: {node: '>= 10.0.0'}
    dev: true

  registry.npmjs.org/yallist@4.0.0:
    resolution: {integrity: sha512-3wdGidZyq5PB084XLES5TpOSRA3wjXAlIWMhum2kRcv/41Sn2emQ0dycQW4uZXLejwKvg6EsvbdlVL+FYEct7A==, registry: https://registry.npmjs.com/, tarball: https://registry.npmjs.org/yallist/-/yallist-4.0.0.tgz}
    name: yallist
    version: 4.0.0
    dev: true
